// !$*UTF8*$!
{
	archiveVersion = 1;
	classes = {
	};
	objectVersion = 46;
	objects = {

/* Begin PBXBuildFile section */
		911530F41A4AD61D00DBB138 /* AppDelegate.m in Sources */ = {isa = PBXBuildFile; fileRef = 911530F31A4AD61D00DBB138 /* AppDelegate.m */; };
		911530F61A4AD61D00DBB138 /* main.m in Sources */ = {isa = PBXBuildFile; fileRef = 911530F51A4AD61D00DBB138 /* main.m */; };
		911530F81A4AD61D00DBB138 /* Images.xcassets in Resources */ = {isa = PBXBuildFile; fileRef = 911530F71A4AD61D00DBB138 /* Images.xcassets */; };
		911530FB1A4AD61D00DBB138 /* MainMenu.xib in Resources */ = {isa = PBXBuildFile; fileRef = 911530F91A4AD61D00DBB138 /* MainMenu.xib */; };
		911531071A4AD61D00DBB138 /* ITTransitionView_DemoTests.m in Sources */ = {isa = PBXBuildFile; fileRef = 911531061A4AD61D00DBB138 /* ITTransitionView_DemoTests.m */; };
		911531131A4AD66500DBB138 /* ITTransitionView.m in Sources */ = {isa = PBXBuildFile; fileRef = 911531121A4AD66500DBB138 /* ITTransitionView.m */; };
		9115313E1A4AD6A700DBB138 /* ITDualTransition.m in Sources */ = {isa = PBXBuildFile; fileRef = 911531161A4AD6A700DBB138 /* ITDualTransition.m */; };
		9115313F1A4AD6A700DBB138 /* ITTransformTransition.m in Sources */ = {isa = PBXBuildFile; fileRef = 911531181A4AD6A700DBB138 /* ITTransformTransition.m */; };
		911531401A4AD6A700DBB138 /* ITTransition.m in Sources */ = {isa = PBXBuildFile; fileRef = 9115311A1A4AD6A700DBB138 /* ITTransition.m */; };
		911531411A4AD6A700DBB138 /* ITBackFadeTransition.m in Sources */ = {isa = PBXBuildFile; fileRef = 9115311D1A4AD6A700DBB138 /* ITBackFadeTransition.m */; };
		911531421A4AD6A700DBB138 /* ITCarrouselTransition.m in Sources */ = {isa = PBXBuildFile; fileRef = 9115311F1A4AD6A700DBB138 /* ITCarrouselTransition.m */; };
		911531431A4AD6A700DBB138 /* ITCrossTransition.m in Sources */ = {isa = PBXBuildFile; fileRef = 911531211A4AD6A700DBB138 /* ITCrossTransition.m */; };
		911531441A4AD6A700DBB138 /* ITCubeTransition.m in Sources */ = {isa = PBXBuildFile; fileRef = 911531231A4AD6A700DBB138 /* ITCubeTransition.m */; };
		911531451A4AD6A700DBB138 /* ITFadeTransition.m in Sources */ = {isa = PBXBuildFile; fileRef = 911531251A4AD6A700DBB138 /* ITFadeTransition.m */; };
		911531461A4AD6A700DBB138 /* ITFlipTransition.m in Sources */ = {isa = PBXBuildFile; fileRef = 911531271A4AD6A700DBB138 /* ITFlipTransition.m */; };
		911531471A4AD6A700DBB138 /* ITFoldTransition.m in Sources */ = {isa = PBXBuildFile; fileRef = 911531291A4AD6A700DBB138 /* ITFoldTransition.m */; };
		911531481A4AD6A700DBB138 /* ITGhostTransition.m in Sources */ = {isa = PBXBuildFile; fileRef = 9115312B1A4AD6A700DBB138 /* ITGhostTransition.m */; };
		911531491A4AD6A700DBB138 /* ITGlueTransition.m in Sources */ = {isa = PBXBuildFile; fileRef = 9115312D1A4AD6A700DBB138 /* ITGlueTransition.m */; };
		9115314A1A4AD6A700DBB138 /* ITModernPushTransition.m in Sources */ = {isa = PBXBuildFile; fileRef = 9115312F1A4AD6A700DBB138 /* ITModernPushTransition.m */; };
		9115314B1A4AD6A700DBB138 /* ITPushRotateTransition.m in Sources */ = {isa = PBXBuildFile; fileRef = 911531311A4AD6A700DBB138 /* ITPushRotateTransition.m */; };
		9115314C1A4AD6A700DBB138 /* ITScaleTransition.m in Sources */ = {isa = PBXBuildFile; fileRef = 911531331A4AD6A700DBB138 /* ITScaleTransition.m */; };
		9115314D1A4AD6A700DBB138 /* ITSlideTransition.m in Sources */ = {isa = PBXBuildFile; fileRef = 911531351A4AD6A700DBB138 /* ITSlideTransition.m */; };
		9115314E1A4AD6A700DBB138 /* ITSwapTransition.m in Sources */ = {isa = PBXBuildFile; fileRef = 911531371A4AD6A700DBB138 /* ITSwapTransition.m */; };
		9115314F1A4AD6A700DBB138 /* ITSwipeFadeTransition.m in Sources */ = {isa = PBXBuildFile; fileRef = 911531391A4AD6A700DBB138 /* ITSwipeFadeTransition.m */; };
		911531501A4AD6A700DBB138 /* ITSwipeTransition.m in Sources */ = {isa = PBXBuildFile; fileRef = 9115313B1A4AD6A700DBB138 /* ITSwipeTransition.m */; };
		911531511A4AD6A700DBB138 /* ITZoomTransition.m in Sources */ = {isa = PBXBuildFile; fileRef = 9115313D1A4AD6A700DBB138 /* ITZoomTransition.m */; };
/* End PBXBuildFile section */

/* Begin PBXContainerItemProxy section */
		911531011A4AD61D00DBB138 /* PBXContainerItemProxy */ = {
			isa = PBXContainerItemProxy;
			containerPortal = 911530E51A4AD61C00DBB138 /* Project object */;
			proxyType = 1;
			remoteGlobalIDString = 911530EC1A4AD61C00DBB138;
			remoteInfo = "ITTransitionView-Demo";
		};
/* End PBXContainerItemProxy section */

/* Begin PBXFileReference section */
		911530ED1A4AD61D00DBB138 /* ITTransitionView-Demo.app */ = {isa = PBXFileReference; explicitFileType = wrapper.application; includeInIndex = 0; path = "ITTransitionView-Demo.app"; sourceTree = BUILT_PRODUCTS_DIR; };
		911530F11A4AD61D00DBB138 /* Info.plist */ = {isa = PBXFileReference; lastKnownFileType = text.plist.xml; path = Info.plist; sourceTree = "<group>"; };
		911530F21A4AD61D00DBB138 /* AppDelegate.h */ = {isa = PBXFileReference; lastKnownFileType = sourcecode.c.h; path = AppDelegate.h; sourceTree = "<group>"; };
		911530F31A4AD61D00DBB138 /* AppDelegate.m */ = {isa = PBXFileReference; lastKnownFileType = sourcecode.c.objc; path = AppDelegate.m; sourceTree = "<group>"; };
		911530F51A4AD61D00DBB138 /* main.m */ = {isa = PBXFileReference; lastKnownFileType = sourcecode.c.objc; path = main.m; sourceTree = "<group>"; };
		911530F71A4AD61D00DBB138 /* Images.xcassets */ = {isa = PBXFileReference; lastKnownFileType = folder.assetcatalog; path = Images.xcassets; sourceTree = "<group>"; };
		911530FA1A4AD61D00DBB138 /* Base */ = {isa = PBXFileReference; lastKnownFileType = file.xib; name = Base; path = Base.lproj/MainMenu.xib; sourceTree = "<group>"; };
		911531001A4AD61D00DBB138 /* ITTransitionView-DemoTests.xctest */ = {isa = PBXFileReference; explicitFileType = wrapper.cfbundle; includeInIndex = 0; path = "ITTransitionView-DemoTests.xctest"; sourceTree = BUILT_PRODUCTS_DIR; };
		911531051A4AD61D00DBB138 /* Info.plist */ = {isa = PBXFileReference; lastKnownFileType = text.plist.xml; path = Info.plist; sourceTree = "<group>"; };
		911531061A4AD61D00DBB138 /* ITTransitionView_DemoTests.m */ = {isa = PBXFileReference; lastKnownFileType = sourcecode.c.objc; path = ITTransitionView_DemoTests.m; sourceTree = "<group>"; };
		911531111A4AD66500DBB138 /* ITTransitionView.h */ = {isa = PBXFileReference; fileEncoding = 4; lastKnownFileType = sourcecode.c.h; name = ITTransitionView.h; path = ../../Classes/ITTransitionView.h; sourceTree = "<group>"; };
		911531121A4AD66500DBB138 /* ITTransitionView.m */ = {isa = PBXFileReference; fileEncoding = 4; lastKnownFileType = sourcecode.c.objc; name = ITTransitionView.m; path = ../../Classes/ITTransitionView.m; sourceTree = "<group>"; };
		911531151A4AD6A700DBB138 /* ITDualTransition.h */ = {isa = PBXFileReference; fileEncoding = 4; lastKnownFileType = sourcecode.c.h; name = ITDualTransition.h; path = ../../Classes/ITDualTransition.h; sourceTree = "<group>"; };
		911531161A4AD6A700DBB138 /* ITDualTransition.m */ = {isa = PBXFileReference; fileEncoding = 4; lastKnownFileType = sourcecode.c.objc; name = ITDualTransition.m; path = ../../Classes/ITDualTransition.m; sourceTree = "<group>"; };
		911531171A4AD6A700DBB138 /* ITTransformTransition.h */ = {isa = PBXFileReference; fileEncoding = 4; lastKnownFileType = sourcecode.c.h; name = ITTransformTransition.h; path = ../../Classes/ITTransformTransition.h; sourceTree = "<group>"; };
		911531181A4AD6A700DBB138 /* ITTransformTransition.m */ = {isa = PBXFileReference; fileEncoding = 4; lastKnownFileType = sourcecode.c.objc; name = ITTransformTransition.m; path = ../../Classes/ITTransformTransition.m; sourceTree = "<group>"; };
		911531191A4AD6A700DBB138 /* ITTransition.h */ = {isa = PBXFileReference; fileEncoding = 4; lastKnownFileType = sourcecode.c.h; name = ITTransition.h; path = ../../Classes/ITTransition.h; sourceTree = "<group>"; };
		9115311A1A4AD6A700DBB138 /* ITTransition.m */ = {isa = PBXFileReference; fileEncoding = 4; lastKnownFileType = sourcecode.c.objc; name = ITTransition.m; path = ../../Classes/ITTransition.m; sourceTree = "<group>"; };
		9115311C1A4AD6A700DBB138 /* ITBackFadeTransition.h */ = {isa = PBXFileReference; fileEncoding = 4; lastKnownFileType = sourcecode.c.h; path = ITBackFadeTransition.h; sourceTree = "<group>"; };
		9115311D1A4AD6A700DBB138 /* ITBackFadeTransition.m */ = {isa = PBXFileReference; fileEncoding = 4; lastKnownFileType = sourcecode.c.objc; path = ITBackFadeTransition.m; sourceTree = "<group>"; };
		9115311E1A4AD6A700DBB138 /* ITCarrouselTransition.h */ = {isa = PBXFileReference; fileEncoding = 4; lastKnownFileType = sourcecode.c.h; path = ITCarrouselTransition.h; sourceTree = "<group>"; };
		9115311F1A4AD6A700DBB138 /* ITCarrouselTransition.m */ = {isa = PBXFileReference; fileEncoding = 4; lastKnownFileType = sourcecode.c.objc; path = ITCarrouselTransition.m; sourceTree = "<group>"; };
		911531201A4AD6A700DBB138 /* ITCrossTransition.h */ = {isa = PBXFileReference; fileEncoding = 4; lastKnownFileType = sourcecode.c.h; path = ITCrossTransition.h; sourceTree = "<group>"; };
		911531211A4AD6A700DBB138 /* ITCrossTransition.m */ = {isa = PBXFileReference; fileEncoding = 4; lastKnownFileType = sourcecode.c.objc; path = ITCrossTransition.m; sourceTree = "<group>"; };
		911531221A4AD6A700DBB138 /* ITCubeTransition.h */ = {isa = PBXFileReference; fileEncoding = 4; lastKnownFileType = sourcecode.c.h; path = ITCubeTransition.h; sourceTree = "<group>"; };
		911531231A4AD6A700DBB138 /* ITCubeTransition.m */ = {isa = PBXFileReference; fileEncoding = 4; lastKnownFileType = sourcecode.c.objc; path = ITCubeTransition.m; sourceTree = "<group>"; };
		911531241A4AD6A700DBB138 /* ITFadeTransition.h */ = {isa = PBXFileReference; fileEncoding = 4; lastKnownFileType = sourcecode.c.h; path = ITFadeTransition.h; sourceTree = "<group>"; };
		911531251A4AD6A700DBB138 /* ITFadeTransition.m */ = {isa = PBXFileReference; fileEncoding = 4; lastKnownFileType = sourcecode.c.objc; path = ITFadeTransition.m; sourceTree = "<group>"; };
		911531261A4AD6A700DBB138 /* ITFlipTransition.h */ = {isa = PBXFileReference; fileEncoding = 4; lastKnownFileType = sourcecode.c.h; path = ITFlipTransition.h; sourceTree = "<group>"; };
		911531271A4AD6A700DBB138 /* ITFlipTransition.m */ = {isa = PBXFileReference; fileEncoding = 4; lastKnownFileType = sourcecode.c.objc; path = ITFlipTransition.m; sourceTree = "<group>"; };
		911531281A4AD6A700DBB138 /* ITFoldTransition.h */ = {isa = PBXFileReference; fileEncoding = 4; lastKnownFileType = sourcecode.c.h; path = ITFoldTransition.h; sourceTree = "<group>"; };
		911531291A4AD6A700DBB138 /* ITFoldTransition.m */ = {isa = PBXFileReference; fileEncoding = 4; lastKnownFileType = sourcecode.c.objc; path = ITFoldTransition.m; sourceTree = "<group>"; };
		9115312A1A4AD6A700DBB138 /* ITGhostTransition.h */ = {isa = PBXFileReference; fileEncoding = 4; lastKnownFileType = sourcecode.c.h; path = ITGhostTransition.h; sourceTree = "<group>"; };
		9115312B1A4AD6A700DBB138 /* ITGhostTransition.m */ = {isa = PBXFileReference; fileEncoding = 4; lastKnownFileType = sourcecode.c.objc; path = ITGhostTransition.m; sourceTree = "<group>"; };
		9115312C1A4AD6A700DBB138 /* ITGlueTransition.h */ = {isa = PBXFileReference; fileEncoding = 4; lastKnownFileType = sourcecode.c.h; path = ITGlueTransition.h; sourceTree = "<group>"; };
		9115312D1A4AD6A700DBB138 /* ITGlueTransition.m */ = {isa = PBXFileReference; fileEncoding = 4; lastKnownFileType = sourcecode.c.objc; path = ITGlueTransition.m; sourceTree = "<group>"; };
		9115312E1A4AD6A700DBB138 /* ITModernPushTransition.h */ = {isa = PBXFileReference; fileEncoding = 4; lastKnownFileType = sourcecode.c.h; path = ITModernPushTransition.h; sourceTree = "<group>"; };
		9115312F1A4AD6A700DBB138 /* ITModernPushTransition.m */ = {isa = PBXFileReference; fileEncoding = 4; lastKnownFileType = sourcecode.c.objc; path = ITModernPushTransition.m; sourceTree = "<group>"; };
		911531301A4AD6A700DBB138 /* ITPushRotateTransition.h */ = {isa = PBXFileReference; fileEncoding = 4; lastKnownFileType = sourcecode.c.h; path = ITPushRotateTransition.h; sourceTree = "<group>"; };
		911531311A4AD6A700DBB138 /* ITPushRotateTransition.m */ = {isa = PBXFileReference; fileEncoding = 4; lastKnownFileType = sourcecode.c.objc; path = ITPushRotateTransition.m; sourceTree = "<group>"; };
		911531321A4AD6A700DBB138 /* ITScaleTransition.h */ = {isa = PBXFileReference; fileEncoding = 4; lastKnownFileType = sourcecode.c.h; path = ITScaleTransition.h; sourceTree = "<group>"; };
		911531331A4AD6A700DBB138 /* ITScaleTransition.m */ = {isa = PBXFileReference; fileEncoding = 4; lastKnownFileType = sourcecode.c.objc; path = ITScaleTransition.m; sourceTree = "<group>"; };
		911531341A4AD6A700DBB138 /* ITSlideTransition.h */ = {isa = PBXFileReference; fileEncoding = 4; lastKnownFileType = sourcecode.c.h; path = ITSlideTransition.h; sourceTree = "<group>"; };
		911531351A4AD6A700DBB138 /* ITSlideTransition.m */ = {isa = PBXFileReference; fileEncoding = 4; lastKnownFileType = sourcecode.c.objc; path = ITSlideTransition.m; sourceTree = "<group>"; };
		911531361A4AD6A700DBB138 /* ITSwapTransition.h */ = {isa = PBXFileReference; fileEncoding = 4; lastKnownFileType = sourcecode.c.h; path = ITSwapTransition.h; sourceTree = "<group>"; };
		911531371A4AD6A700DBB138 /* ITSwapTransition.m */ = {isa = PBXFileReference; fileEncoding = 4; lastKnownFileType = sourcecode.c.objc; path = ITSwapTransition.m; sourceTree = "<group>"; };
		911531381A4AD6A700DBB138 /* ITSwipeFadeTransition.h */ = {isa = PBXFileReference; fileEncoding = 4; lastKnownFileType = sourcecode.c.h; path = ITSwipeFadeTransition.h; sourceTree = "<group>"; };
		911531391A4AD6A700DBB138 /* ITSwipeFadeTransition.m */ = {isa = PBXFileReference; fileEncoding = 4; lastKnownFileType = sourcecode.c.objc; path = ITSwipeFadeTransition.m; sourceTree = "<group>"; };
		9115313A1A4AD6A700DBB138 /* ITSwipeTransition.h */ = {isa = PBXFileReference; fileEncoding = 4; lastKnownFileType = sourcecode.c.h; path = ITSwipeTransition.h; sourceTree = "<group>"; };
		9115313B1A4AD6A700DBB138 /* ITSwipeTransition.m */ = {isa = PBXFileReference; fileEncoding = 4; lastKnownFileType = sourcecode.c.objc; path = ITSwipeTransition.m; sourceTree = "<group>"; };
		9115313C1A4AD6A700DBB138 /* ITZoomTransition.h */ = {isa = PBXFileReference; fileEncoding = 4; lastKnownFileType = sourcecode.c.h; path = ITZoomTransition.h; sourceTree = "<group>"; };
		9115313D1A4AD6A700DBB138 /* ITZoomTransition.m */ = {isa = PBXFileReference; fileEncoding = 4; lastKnownFileType = sourcecode.c.objc; path = ITZoomTransition.m; sourceTree = "<group>"; };
/* End PBXFileReference section */

/* Begin PBXFrameworksBuildPhase section */
		911530EA1A4AD61C00DBB138 /* Frameworks */ = {
			isa = PBXFrameworksBuildPhase;
			buildActionMask = 2147483647;
			files = (
			);
			runOnlyForDeploymentPostprocessing = 0;
		};
		911530FD1A4AD61D00DBB138 /* Frameworks */ = {
			isa = PBXFrameworksBuildPhase;
			buildActionMask = 2147483647;
			files = (
			);
			runOnlyForDeploymentPostprocessing = 0;
		};
/* End PBXFrameworksBuildPhase section */

/* Begin PBXGroup section */
		911530E41A4AD61C00DBB138 = {
			isa = PBXGroup;
			children = (
				911530EF1A4AD61D00DBB138 /* ITTransitionView-Demo */,
				911531031A4AD61D00DBB138 /* ITTransitionView-DemoTests */,
				911530EE1A4AD61D00DBB138 /* Products */,
			);
			sourceTree = "<group>";
		};
		911530EE1A4AD61D00DBB138 /* Products */ = {
			isa = PBXGroup;
			children = (
				911530ED1A4AD61D00DBB138 /* ITTransitionView-Demo.app */,
				911531001A4AD61D00DBB138 /* ITTransitionView-DemoTests.xctest */,
			);
			name = Products;
			sourceTree = "<group>";
		};
		911530EF1A4AD61D00DBB138 /* ITTransitionView-Demo */ = {
			isa = PBXGroup;
			children = (
				911531101A4AD62400DBB138 /* Classes */,
				911530F21A4AD61D00DBB138 /* AppDelegate.h */,
				911530F31A4AD61D00DBB138 /* AppDelegate.m */,
				911530F91A4AD61D00DBB138 /* MainMenu.xib */,
				911530F01A4AD61D00DBB138 /* Supporting Files */,
			);
			path = "ITTransitionView-Demo";
			sourceTree = "<group>";
		};
		911530F01A4AD61D00DBB138 /* Supporting Files */ = {
			isa = PBXGroup;
			children = (
				911530F11A4AD61D00DBB138 /* Info.plist */,
				911530F51A4AD61D00DBB138 /* main.m */,
				911530F71A4AD61D00DBB138 /* Images.xcassets */,
			);
			name = "Supporting Files";
			sourceTree = "<group>";
		};
		911531031A4AD61D00DBB138 /* ITTransitionView-DemoTests */ = {
			isa = PBXGroup;
			children = (
				911531061A4AD61D00DBB138 /* ITTransitionView_DemoTests.m */,
				911531041A4AD61D00DBB138 /* Supporting Files */,
			);
			path = "ITTransitionView-DemoTests";
			sourceTree = "<group>";
		};
		911531041A4AD61D00DBB138 /* Supporting Files */ = {
			isa = PBXGroup;
			children = (
				911531051A4AD61D00DBB138 /* Info.plist */,
			);
			name = "Supporting Files";
			sourceTree = "<group>";
		};
		911531101A4AD62400DBB138 /* Classes */ = {
			isa = PBXGroup;
			children = (
				911531111A4AD66500DBB138 /* ITTransitionView.h */,
				911531121A4AD66500DBB138 /* ITTransitionView.m */,
				911531141A4AD69600DBB138 /* Transitions */,
			);
			name = Classes;
			sourceTree = "<group>";
		};
		911531141A4AD69600DBB138 /* Transitions */ = {
			isa = PBXGroup;
			children = (
				911531191A4AD6A700DBB138 /* ITTransition.h */,
				9115311A1A4AD6A700DBB138 /* ITTransition.m */,
				911531151A4AD6A700DBB138 /* ITDualTransition.h */,
				911531161A4AD6A700DBB138 /* ITDualTransition.m */,
				911531171A4AD6A700DBB138 /* ITTransformTransition.h */,
				911531181A4AD6A700DBB138 /* ITTransformTransition.m */,
				9115311B1A4AD6A700DBB138 /* Optional */,
			);
			name = Transitions;
			sourceTree = "<group>";
		};
		9115311B1A4AD6A700DBB138 /* Optional */ = {
			isa = PBXGroup;
			children = (
				9115311C1A4AD6A700DBB138 /* ITBackFadeTransition.h */,
				9115311D1A4AD6A700DBB138 /* ITBackFadeTransition.m */,
				9115311E1A4AD6A700DBB138 /* ITCarrouselTransition.h */,
				9115311F1A4AD6A700DBB138 /* ITCarrouselTransition.m */,
				911531201A4AD6A700DBB138 /* ITCrossTransition.h */,
				911531211A4AD6A700DBB138 /* ITCrossTransition.m */,
				911531221A4AD6A700DBB138 /* ITCubeTransition.h */,
				911531231A4AD6A700DBB138 /* ITCubeTransition.m */,
				911531241A4AD6A700DBB138 /* ITFadeTransition.h */,
				911531251A4AD6A700DBB138 /* ITFadeTransition.m */,
				911531261A4AD6A700DBB138 /* ITFlipTransition.h */,
				911531271A4AD6A700DBB138 /* ITFlipTransition.m */,
				911531281A4AD6A700DBB138 /* ITFoldTransition.h */,
				911531291A4AD6A700DBB138 /* ITFoldTransition.m */,
				9115312A1A4AD6A700DBB138 /* ITGhostTransition.h */,
				9115312B1A4AD6A700DBB138 /* ITGhostTransition.m */,
				9115312C1A4AD6A700DBB138 /* ITGlueTransition.h */,
				9115312D1A4AD6A700DBB138 /* ITGlueTransition.m */,
				9115312E1A4AD6A700DBB138 /* ITModernPushTransition.h */,
				9115312F1A4AD6A700DBB138 /* ITModernPushTransition.m */,
				911531301A4AD6A700DBB138 /* ITPushRotateTransition.h */,
				911531311A4AD6A700DBB138 /* ITPushRotateTransition.m */,
				911531321A4AD6A700DBB138 /* ITScaleTransition.h */,
				911531331A4AD6A700DBB138 /* ITScaleTransition.m */,
				911531341A4AD6A700DBB138 /* ITSlideTransition.h */,
				911531351A4AD6A700DBB138 /* ITSlideTransition.m */,
				911531361A4AD6A700DBB138 /* ITSwapTransition.h */,
				911531371A4AD6A700DBB138 /* ITSwapTransition.m */,
				911531381A4AD6A700DBB138 /* ITSwipeFadeTransition.h */,
				911531391A4AD6A700DBB138 /* ITSwipeFadeTransition.m */,
				9115313A1A4AD6A700DBB138 /* ITSwipeTransition.h */,
				9115313B1A4AD6A700DBB138 /* ITSwipeTransition.m */,
				9115313C1A4AD6A700DBB138 /* ITZoomTransition.h */,
				9115313D1A4AD6A700DBB138 /* ITZoomTransition.m */,
			);
			name = Optional;
			path = ../../Classes/Optional;
			sourceTree = "<group>";
		};
/* End PBXGroup section */

/* Begin PBXNativeTarget section */
		911530EC1A4AD61C00DBB138 /* ITTransitionView-Demo */ = {
			isa = PBXNativeTarget;
			buildConfigurationList = 9115310A1A4AD61D00DBB138 /* Build configuration list for PBXNativeTarget "ITTransitionView-Demo" */;
			buildPhases = (
				911530E91A4AD61C00DBB138 /* Sources */,
				911530EA1A4AD61C00DBB138 /* Frameworks */,
				911530EB1A4AD61C00DBB138 /* Resources */,
			);
			buildRules = (
			);
			dependencies = (
			);
			name = "ITTransitionView-Demo";
			productName = "ITTransitionView-Demo";
			productReference = 911530ED1A4AD61D00DBB138 /* ITTransitionView-Demo.app */;
			productType = "com.apple.product-type.application";
		};
		911530FF1A4AD61D00DBB138 /* ITTransitionView-DemoTests */ = {
			isa = PBXNativeTarget;
			buildConfigurationList = 9115310D1A4AD61D00DBB138 /* Build configuration list for PBXNativeTarget "ITTransitionView-DemoTests" */;
			buildPhases = (
				911530FC1A4AD61D00DBB138 /* Sources */,
				911530FD1A4AD61D00DBB138 /* Frameworks */,
				911530FE1A4AD61D00DBB138 /* Resources */,
			);
			buildRules = (
			);
			dependencies = (
				911531021A4AD61D00DBB138 /* PBXTargetDependency */,
			);
			name = "ITTransitionView-DemoTests";
			productName = "ITTransitionView-DemoTests";
			productReference = 911531001A4AD61D00DBB138 /* ITTransitionView-DemoTests.xctest */;
			productType = "com.apple.product-type.bundle.unit-test";
		};
/* End PBXNativeTarget section */

/* Begin PBXProject section */
		911530E51A4AD61C00DBB138 /* Project object */ = {
			isa = PBXProject;
			attributes = {
				LastUpgradeCheck = 0610;
				ORGANIZATIONNAME = "Ilija Tovilo";
				TargetAttributes = {
					911530EC1A4AD61C00DBB138 = {
						CreatedOnToolsVersion = 6.1.1;
					};
					911530FF1A4AD61D00DBB138 = {
						CreatedOnToolsVersion = 6.1.1;
						TestTargetID = 911530EC1A4AD61C00DBB138;
					};
				};
			};
			buildConfigurationList = 911530E81A4AD61C00DBB138 /* Build configuration list for PBXProject "ITTransitionView-Demo" */;
			compatibilityVersion = "Xcode 3.2";
			developmentRegion = English;
			hasScannedForEncodings = 0;
			knownRegions = (
				en,
				Base,
			);
			mainGroup = 911530E41A4AD61C00DBB138;
			productRefGroup = 911530EE1A4AD61D00DBB138 /* Products */;
			projectDirPath = "";
			projectRoot = "";
			targets = (
				911530EC1A4AD61C00DBB138 /* ITTransitionView-Demo */,
				911530FF1A4AD61D00DBB138 /* ITTransitionView-DemoTests */,
			);
		};
/* End PBXProject section */

/* Begin PBXResourcesBuildPhase section */
		911530EB1A4AD61C00DBB138 /* Resources */ = {
			isa = PBXResourcesBuildPhase;
			buildActionMask = 2147483647;
			files = (
				911530F81A4AD61D00DBB138 /* Images.xcassets in Resources */,
				911530FB1A4AD61D00DBB138 /* MainMenu.xib in Resources */,
			);
			runOnlyForDeploymentPostprocessing = 0;
		};
		911530FE1A4AD61D00DBB138 /* Resources */ = {
			isa = PBXResourcesBuildPhase;
			buildActionMask = 2147483647;
			files = (
			);
			runOnlyForDeploymentPostprocessing = 0;
		};
/* End PBXResourcesBuildPhase section */

/* Begin PBXSourcesBuildPhase section */
		911530E91A4AD61C00DBB138 /* Sources */ = {
			isa = PBXSourcesBuildPhase;
			buildActionMask = 2147483647;
			files = (
				911531501A4AD6A700DBB138 /* ITSwipeTransition.m in Sources */,
				9115314E1A4AD6A700DBB138 /* ITSwapTransition.m in Sources */,
				9115314A1A4AD6A700DBB138 /* ITModernPushTransition.m in Sources */,
				911531451A4AD6A700DBB138 /* ITFadeTransition.m in Sources */,
				911530F61A4AD61D00DBB138 /* main.m in Sources */,
				9115314D1A4AD6A700DBB138 /* ITSlideTransition.m in Sources */,
				911531511A4AD6A700DBB138 /* ITZoomTransition.m in Sources */,
				911530F41A4AD61D00DBB138 /* AppDelegate.m in Sources */,
				911531421A4AD6A700DBB138 /* ITCarrouselTransition.m in Sources */,
				911531461A4AD6A700DBB138 /* ITFlipTransition.m in Sources */,
				9115313F1A4AD6A700DBB138 /* ITTransformTransition.m in Sources */,
				911531131A4AD66500DBB138 /* ITTransitionView.m in Sources */,
				911531481A4AD6A700DBB138 /* ITGhostTransition.m in Sources */,
				9115313E1A4AD6A700DBB138 /* ITDualTransition.m in Sources */,
				911531411A4AD6A700DBB138 /* ITBackFadeTransition.m in Sources */,
				911531491A4AD6A700DBB138 /* ITGlueTransition.m in Sources */,
				911531431A4AD6A700DBB138 /* ITCrossTransition.m in Sources */,
				911531441A4AD6A700DBB138 /* ITCubeTransition.m in Sources */,
				9115314C1A4AD6A700DBB138 /* ITScaleTransition.m in Sources */,
				911531401A4AD6A700DBB138 /* ITTransition.m in Sources */,
				911531471A4AD6A700DBB138 /* ITFoldTransition.m in Sources */,
				9115314B1A4AD6A700DBB138 /* ITPushRotateTransition.m in Sources */,
				9115314F1A4AD6A700DBB138 /* ITSwipeFadeTransition.m in Sources */,
			);
			runOnlyForDeploymentPostprocessing = 0;
		};
		911530FC1A4AD61D00DBB138 /* Sources */ = {
			isa = PBXSourcesBuildPhase;
			buildActionMask = 2147483647;
			files = (
				911531071A4AD61D00DBB138 /* ITTransitionView_DemoTests.m in Sources */,
			);
			runOnlyForDeploymentPostprocessing = 0;
		};
/* End PBXSourcesBuildPhase section */

/* Begin PBXTargetDependency section */
		911531021A4AD61D00DBB138 /* PBXTargetDependency */ = {
			isa = PBXTargetDependency;
			target = 911530EC1A4AD61C00DBB138 /* ITTransitionView-Demo */;
			targetProxy = 911531011A4AD61D00DBB138 /* PBXContainerItemProxy */;
		};
/* End PBXTargetDependency section */

/* Begin PBXVariantGroup section */
		911530F91A4AD61D00DBB138 /* MainMenu.xib */ = {
			isa = PBXVariantGroup;
			children = (
				911530FA1A4AD61D00DBB138 /* Base */,
			);
			name = MainMenu.xib;
			sourceTree = "<group>";
		};
/* End PBXVariantGroup section */

/* Begin XCBuildConfiguration section */
		911531081A4AD61D00DBB138 /* Debug */ = {
			isa = XCBuildConfiguration;
			buildSettings = {
				ALWAYS_SEARCH_USER_PATHS = NO;
				CLANG_CXX_LANGUAGE_STANDARD = "gnu++0x";
				CLANG_CXX_LIBRARY = "libc++";
				CLANG_ENABLE_MODULES = YES;
				CLANG_ENABLE_OBJC_ARC = YES;
				CLANG_WARN_BOOL_CONVERSION = YES;
				CLANG_WARN_CONSTANT_CONVERSION = YES;
				CLANG_WARN_DIRECT_OBJC_ISA_USAGE = YES_ERROR;
				CLANG_WARN_EMPTY_BODY = YES;
				CLANG_WARN_ENUM_CONVERSION = YES;
				CLANG_WARN_INT_CONVERSION = YES;
				CLANG_WARN_OBJC_ROOT_CLASS = YES_ERROR;
				CLANG_WARN_UNREACHABLE_CODE = YES;
				CLANG_WARN__DUPLICATE_METHOD_MATCH = YES;
				CODE_SIGN_IDENTITY = "-";
				COPY_PHASE_STRIP = NO;
				ENABLE_STRICT_OBJC_MSGSEND = YES;
				GCC_C_LANGUAGE_STANDARD = gnu99;
				GCC_DYNAMIC_NO_PIC = NO;
				GCC_OPTIMIZATION_LEVEL = 0;
				GCC_PREPROCESSOR_DEFINITIONS = (
					"DEBUG=1",
					"$(inherited)",
				);
				GCC_SYMBOLS_PRIVATE_EXTERN = NO;
				GCC_WARN_64_TO_32_BIT_CONVERSION = YES;
				GCC_WARN_ABOUT_RETURN_TYPE = YES_ERROR;
				GCC_WARN_UNDECLARED_SELECTOR = YES;
				GCC_WARN_UNINITIALIZED_AUTOS = YES_AGGRESSIVE;
				GCC_WARN_UNUSED_FUNCTION = YES;
				GCC_WARN_UNUSED_VARIABLE = YES;
				MACOSX_DEPLOYMENT_TARGET = 10.10;
				MTL_ENABLE_DEBUG_INFO = YES;
				ONLY_ACTIVE_ARCH = YES;
				SDKROOT = macosx;
			};
			name = Debug;
		};
		911531091A4AD61D00DBB138 /* Release */ = {
			isa = XCBuildConfiguration;
			buildSettings = {
				ALWAYS_SEARCH_USER_PATHS = NO;
				CLANG_CXX_LANGUAGE_STANDARD = "gnu++0x";
				CLANG_CXX_LIBRARY = "libc++";
				CLANG_ENABLE_MODULES = YES;
				CLANG_ENABLE_OBJC_ARC = YES;
				CLANG_WARN_BOOL_CONVERSION = YES;
				CLANG_WARN_CONSTANT_CONVERSION = YES;
				CLANG_WARN_DIRECT_OBJC_ISA_USAGE = YES_ERROR;
				CLANG_WARN_EMPTY_BODY = YES;
				CLANG_WARN_ENUM_CONVERSION = YES;
				CLANG_WARN_INT_CONVERSION = YES;
				CLANG_WARN_OBJC_ROOT_CLASS = YES_ERROR;
				CLANG_WARN_UNREACHABLE_CODE = YES;
				CLANG_WARN__DUPLICATE_METHOD_MATCH = YES;
				CODE_SIGN_IDENTITY = "-";
				COPY_PHASE_STRIP = YES;
				DEBUG_INFORMATION_FORMAT = "dwarf-with-dsym";
				ENABLE_NS_ASSERTIONS = NO;
				ENABLE_STRICT_OBJC_MSGSEND = YES;
				GCC_C_LANGUAGE_STANDARD = gnu99;
				GCC_WARN_64_TO_32_BIT_CONVERSION = YES;
				GCC_WARN_ABOUT_RETURN_TYPE = YES_ERROR;
				GCC_WARN_UNDECLARED_SELECTOR = YES;
				GCC_WARN_UNINITIALIZED_AUTOS = YES_AGGRESSIVE;
				GCC_WARN_UNUSED_FUNCTION = YES;
				GCC_WARN_UNUSED_VARIABLE = YES;
				MACOSX_DEPLOYMENT_TARGET = 10.10;
				MTL_ENABLE_DEBUG_INFO = NO;
				SDKROOT = macosx;
			};
			name = Release;
		};
		9115310B1A4AD61D00DBB138 /* Debug */ = {
			isa = XCBuildConfiguration;
			buildSettings = {
				ASSETCATALOG_COMPILER_APPICON_NAME = AppIcon;
				COMBINE_HIDPI_IMAGES = YES;
				INFOPLIST_FILE = "ITTransitionView-Demo/Info.plist";
				LD_RUNPATH_SEARCH_PATHS = "$(inherited) @executable_path/../Frameworks";
				PRODUCT_NAME = "$(TARGET_NAME)";
			};
			name = Debug;
		};
		9115310C1A4AD61D00DBB138 /* Release */ = {
			isa = XCBuildConfiguration;
			buildSettings = {
				ASSETCATALOG_COMPILER_APPICON_NAME = AppIcon;
				COMBINE_HIDPI_IMAGES = YES;
				INFOPLIST_FILE = "ITTransitionView-Demo/Info.plist";
				LD_RUNPATH_SEARCH_PATHS = "$(inherited) @executable_path/../Frameworks";
				PRODUCT_NAME = "$(TARGET_NAME)";
			};
			name = Release;
		};
		9115310E1A4AD61D00DBB138 /* Debug */ = {
			isa = XCBuildConfiguration;
			buildSettings = {
				BUNDLE_LOADER = "$(TEST_HOST)";
				COMBINE_HIDPI_IMAGES = YES;
				FRAMEWORK_SEARCH_PATHS = (
					"$(DEVELOPER_FRAMEWORKS_DIR)",
					"$(inherited)",
				);
				GCC_PREPROCESSOR_DEFINITIONS = (
					"DEBUG=1",
					"$(inherited)",
				);
				INFOPLIST_FILE = "ITTransitionView-DemoTests/Info.plist";
				LD_RUNPATH_SEARCH_PATHS = "$(inherited) @executable_path/../Frameworks @loader_path/../Frameworks";
				PRODUCT_NAME = "$(TARGET_NAME)";
				TEST_HOST = "$(BUILT_PRODUCTS_DIR)/ITTransitionView-Demo.app/Contents/MacOS/ITTransitionView-Demo";
			};
			name = Debug;
		};
		9115310F1A4AD61D00DBB138 /* Release */ = {
			isa = XCBuildConfiguration;
			buildSettings = {
				BUNDLE_LOADER = "$(TEST_HOST)";
				COMBINE_HIDPI_IMAGES = YES;
				FRAMEWORK_SEARCH_PATHS = (
					"$(DEVELOPER_FRAMEWORKS_DIR)",
					"$(inherited)",
				);
				INFOPLIST_FILE = "ITTransitionView-DemoTests/Info.plist";
				LD_RUNPATH_SEARCH_PATHS = "$(inherited) @executable_path/../Frameworks @loader_path/../Frameworks";
				PRODUCT_NAME = "$(TARGET_NAME)";
				TEST_HOST = "$(BUILT_PRODUCTS_DIR)/ITTransitionView-Demo.app/Contents/MacOS/ITTransitionView-Demo";
			};
			name = Release;
		};
/* End XCBuildConfiguration section */

/* Begin XCConfigurationList section */
		911530E81A4AD61C00DBB138 /* Build configuration list for PBXProject "ITTransitionView-Demo" */ = {
			isa = XCConfigurationList;
			buildConfigurations = (
				911531081A4AD61D00DBB138 /* Debug */,
				911531091A4AD61D00DBB138 /* Release */,
			);
			defaultConfigurationIsVisible = 0;
			defaultConfigurationName = Release;
		};
		9115310A1A4AD61D00DBB138 /* Build configuration list for PBXNativeTarget "ITTransitionView-Demo" */ = {
			isa = XCConfigurationList;
			buildConfigurations = (
				9115310B1A4AD61D00DBB138 /* Debug */,
				9115310C1A4AD61D00DBB138 /* Release */,
			);
			defaultConfigurationIsVisible = 0;
		};
		9115310D1A4AD61D00DBB138 /* Build configuration list for PBXNativeTarget "ITTransitionView-DemoTests" */ = {
			isa = XCConfigurationList;
			buildConfigurations = (
				9115310E1A4AD61D00DBB138 /* Debug */,
				9115310F1A4AD61D00DBB138 /* Release */,
			);
			defaultConfigurationIsVisible = 0;
		};
/* End XCConfigurationList section */
	};
	rootObject = 911530E51A4AD61C00DBB138 /* Project object */;
}
